
Microsoft Visual Studio Solution File, Format Version 12.00
# Visual Studio Version 17
VisualStudioVersion = 17.14.36414.22 d17.14
MinimumVisualStudioVersion = 10.0.40219.1
Project("{FAE04EC0-301F-11D3-BF4B-00C04F79EFBC}") = "Classes-Oef1-Athlete", "Classes-Oef1-Athlete\Classes-Oef1-Athlete.csproj", "{C7099E9E-34C1-4284-8DB9-17D9084CBD19}"
EndProject
Global
	GlobalSection(SolutionConfigurationPlatforms) = preSolution
		Debug|Any CPU = Debug|Any CPU
		Release|Any CPU = Release|Any CPU
	EndGlobalSection
	GlobalSection(ProjectConfigurationPlatforms) = postSolution
		{C7099E9E-34C1-4284-8DB9-17D9084CBD19}.Debug|Any CPU.ActiveCfg = Debug|Any CPU
		{C7099E9E-34C1-4284-8DB9-17D9084CBD19}.Debug|Any CPU.Build.0 = Debug|Any CPU
		{C7099E9E-34C1-4284-8DB9-17D9084CBD19}.Release|Any CPU.ActiveCfg = Release|Any CPU
		{C7099E9E-34C1-4284-8DB9-17D9084CBD19}.Release|Any CPU.Build.0 = Release|Any CPU
	EndGlobalSection
	GlobalSection(SolutionProperties) = preSolution
		HideSolutionNode = FALSE
	EndGlobalSection
	GlobalSection(ExtensibilityGlobals) = postSolution
		SolutionGuid = {67D25255-D773-4572-BBDC-8DE6F6F4A908}
	EndGlobalSection
EndGlobal
